
Microsoft Visual Studio Solution File, Format Version 12.00
# Visual Studio Version 17
VisualStudioVersion = 17.4.33110.190
MinimumVisualStudioVersion = 10.0.40219.1
Project("{FAE04EC0-301F-11D3-BF4B-00C04F79EFBC}") = "FileMoverConsole", "FileMover\FileMoverConsole.csproj", "{B126349B-5FAC-488C-B02B-190AF71B743E}"
EndProject
Project("{FAE04EC0-301F-11D3-BF4B-00C04F79EFBC}") = "FileMoverLib", "FileMoverLib\FileMoverLib.csproj", "{203FED4F-1159-4B40-8C76-BBCF2466C660}"
EndProject
Project("{FAE04EC0-301F-11D3-BF4B-00C04F79EFBC}") = "FileMoverTest", "FileMoverTest\FileMoverTest.csproj", "{A1B577CB-83BB-454F-BC6D-535456786E67}"
EndProject
Global
	GlobalSection(SolutionConfigurationPlatforms) = preSolution
		Debug|Any CPU = Debug|Any CPU
		Release|Any CPU = Release|Any CPU
	EndGlobalSection
	GlobalSection(ProjectConfigurationPlatforms) = postSolution
		{B126349B-5FAC-488C-B02B-190AF71B743E}.Debug|Any CPU.ActiveCfg = Debug|Any CPU
		{B126349B-5FAC-488C-B02B-190AF71B743E}.Debug|Any CPU.Build.0 = Debug|Any CPU
		{B126349B-5FAC-488C-B02B-190AF71B743E}.Release|Any CPU.ActiveCfg = Release|Any CPU
		{B126349B-5FAC-488C-B02B-190AF71B743E}.Release|Any CPU.Build.0 = Release|Any CPU
		{203FED4F-1159-4B40-8C76-BBCF2466C660}.Debug|Any CPU.ActiveCfg = Debug|Any CPU
		{203FED4F-1159-4B40-8C76-BBCF2466C660}.Debug|Any CPU.Build.0 = Debug|Any CPU
		{203FED4F-1159-4B40-8C76-BBCF2466C660}.Release|Any CPU.ActiveCfg = Release|Any CPU
		{203FED4F-1159-4B40-8C76-BBCF2466C660}.Release|Any CPU.Build.0 = Release|Any CPU
		{A1B577CB-83BB-454F-BC6D-535456786E67}.Debug|Any CPU.ActiveCfg = Debug|Any CPU
		{A1B577CB-83BB-454F-BC6D-535456786E67}.Debug|Any CPU.Build.0 = Debug|Any CPU
		{A1B577CB-83BB-454F-BC6D-535456786E67}.Release|Any CPU.ActiveCfg = Release|Any CPU
		{A1B577CB-83BB-454F-BC6D-535456786E67}.Release|Any CPU.Build.0 = Release|Any CPU
	EndGlobalSection
	GlobalSection(SolutionProperties) = preSolution
		HideSolutionNode = FALSE
	EndGlobalSection
	GlobalSection(ExtensibilityGlobals) = postSolution
		SolutionGuid = {79438BD0-9A50-439F-9EB0-34E8C1536238}
	EndGlobalSection
EndGlobal
